// !$*UTF8*$!
{
	archiveVersion = 1;
	classes = {
	};
	objectVersion = 55;
	objects = {

/* Begin PBXBuildFile section */
		63189EF828A90AE70052D56F /* Have.swift in Sources */ = {isa = PBXBuildFile; fileRef = 63189EF728A90AE70052D56F /* Have.swift */; };
		63189EFA28A90B160052D56F /* ModelData.swift in Sources */ = {isa = PBXBuildFile; fileRef = 63189EF928A90B160052D56F /* ModelData.swift */; };
		635F661228A1721700CFBF7C /* WeWantApp.swift in Sources */ = {isa = PBXBuildFile; fileRef = 635F661128A1721700CFBF7C /* WeWantApp.swift */; };
		635F661428A1721700CFBF7C /* WeWantView.swift in Sources */ = {isa = PBXBuildFile; fileRef = 635F661328A1721700CFBF7C /* WeWantView.swift */; };
		635F661628A1721800CFBF7C /* Assets.xcassets in Resources */ = {isa = PBXBuildFile; fileRef = 635F661528A1721800CFBF7C /* Assets.xcassets */; };
		635F661928A1721800CFBF7C /* Preview Assets.xcassets in Resources */ = {isa = PBXBuildFile; fileRef = 635F661828A1721800CFBF7C /* Preview Assets.xcassets */; };
		635F662228A174DC00CFBF7C /* Want.swift in Sources */ = {isa = PBXBuildFile; fileRef = 635F662128A174DC00CFBF7C /* Want.swift */; };
		63944F9528AA296C0084F381 /* DetailView.swift in Sources */ = {isa = PBXBuildFile; fileRef = 63944F9428AA296C0084F381 /* DetailView.swift */; };
		63944F9728AA31BC0084F381 /* SearchBar.swift in Sources */ = {isa = PBXBuildFile; fileRef = 63944F9628AA31BC0084F381 /* SearchBar.swift */; };
		63FEF54728A2AF8A00A9EDBE /* WeHaveView.swift in Sources */ = {isa = PBXBuildFile; fileRef = 63FEF54628A2AF8A00A9EDBE /* WeHaveView.swift */; };
		63FEF54B28A2B12800A9EDBE /* MainView.swift in Sources */ = {isa = PBXBuildFile; fileRef = 63FEF54A28A2B12800A9EDBE /* MainView.swift */; };
		63FEF54D28A2B16600A9EDBE /* SettingsView.swift in Sources */ = {isa = PBXBuildFile; fileRef = 63FEF54C28A2B16600A9EDBE /* SettingsView.swift */; };
/* End PBXBuildFile section */

/* Begin PBXFileReference section */
		63189EF728A90AE70052D56F /* Have.swift */ = {isa = PBXFileReference; lastKnownFileType = sourcecode.swift; path = Have.swift; sourceTree = "<group>"; };
		63189EF928A90B160052D56F /* ModelData.swift */ = {isa = PBXFileReference; lastKnownFileType = sourcecode.swift; path = ModelData.swift; sourceTree = "<group>"; };
		635F660E28A1721700CFBF7C /* WeWant.app */ = {isa = PBXFileReference; explicitFileType = wrapper.application; includeInIndex = 0; path = WeWant.app; sourceTree = BUILT_PRODUCTS_DIR; };
		635F661128A1721700CFBF7C /* WeWantApp.swift */ = {isa = PBXFileReference; lastKnownFileType = sourcecode.swift; path = WeWantApp.swift; sourceTree = "<group>"; };
		635F661328A1721700CFBF7C /* WeWantView.swift */ = {isa = PBXFileReference; lastKnownFileType = sourcecode.swift; path = WeWantView.swift; sourceTree = "<group>"; };
		635F661528A1721800CFBF7C /* Assets.xcassets */ = {isa = PBXFileReference; lastKnownFileType = folder.assetcatalog; path = Assets.xcassets; sourceTree = "<group>"; };
		635F661828A1721800CFBF7C /* Preview Assets.xcassets */ = {isa = PBXFileReference; lastKnownFileType = folder.assetcatalog; path = "Preview Assets.xcassets"; sourceTree = "<group>"; };
		635F662128A174DC00CFBF7C /* Want.swift */ = {isa = PBXFileReference; lastKnownFileType = sourcecode.swift; path = Want.swift; sourceTree = "<group>"; };
		63944F9428AA296C0084F381 /* DetailView.swift */ = {isa = PBXFileReference; lastKnownFileType = sourcecode.swift; path = DetailView.swift; sourceTree = "<group>"; };
		63944F9628AA31BC0084F381 /* SearchBar.swift */ = {isa = PBXFileReference; lastKnownFileType = sourcecode.swift; path = SearchBar.swift; sourceTree = "<group>"; };
		63FEF54628A2AF8A00A9EDBE /* WeHaveView.swift */ = {isa = PBXFileReference; lastKnownFileType = sourcecode.swift; path = WeHaveView.swift; sourceTree = "<group>"; };
		63FEF54A28A2B12800A9EDBE /* MainView.swift */ = {isa = PBXFileReference; lastKnownFileType = sourcecode.swift; path = MainView.swift; sourceTree = "<group>"; };
		63FEF54C28A2B16600A9EDBE /* SettingsView.swift */ = {isa = PBXFileReference; lastKnownFileType = sourcecode.swift; path = SettingsView.swift; sourceTree = "<group>"; };
/* End PBXFileReference section */

/* Begin PBXFrameworksBuildPhase section */
		635F660B28A1721700CFBF7C /* Frameworks */ = {
			isa = PBXFrameworksBuildPhase;
			buildActionMask = 2147483647;
			files = (
			);
			runOnlyForDeploymentPostprocessing = 0;
		};
/* End PBXFrameworksBuildPhase section */

/* Begin PBXGroup section */
		635F660528A1721700CFBF7C = {
			isa = PBXGroup;
			children = (
				635F661028A1721700CFBF7C /* WeWant */,
				635F660F28A1721700CFBF7C /* Products */,
			);
			sourceTree = "<group>";
		};
		635F660F28A1721700CFBF7C /* Products */ = {
			isa = PBXGroup;
			children = (
				635F660E28A1721700CFBF7C /* WeWant.app */,
			);
			name = Products;
			sourceTree = "<group>";
		};
		635F661028A1721700CFBF7C /* WeWant */ = {
			isa = PBXGroup;
			children = (
				635F662028A1739500CFBF7C /* View */,
				635F661F28A1738C00CFBF7C /* Model */,
				635F661128A1721700CFBF7C /* WeWantApp.swift */,
				635F661528A1721800CFBF7C /* Assets.xcassets */,
				635F661728A1721800CFBF7C /* Preview Content */,
			);
			path = WeWant;
			sourceTree = "<group>";
		};
		635F661728A1721800CFBF7C /* Preview Content */ = {
			isa = PBXGroup;
			children = (
				635F661828A1721800CFBF7C /* Preview Assets.xcassets */,
			);
			path = "Preview Content";
			sourceTree = "<group>";
		};
		635F661F28A1738C00CFBF7C /* Model */ = {
			isa = PBXGroup;
			children = (
				635F662128A174DC00CFBF7C /* Want.swift */,
				63189EF728A90AE70052D56F /* Have.swift */,
				63189EF928A90B160052D56F /* ModelData.swift */,
			);
			path = Model;
			sourceTree = "<group>";
		};
		635F662028A1739500CFBF7C /* View */ = {
			isa = PBXGroup;
			children = (
				63FEF54A28A2B12800A9EDBE /* MainView.swift */,
				635F661328A1721700CFBF7C /* WeWantView.swift */,
				63FEF54628A2AF8A00A9EDBE /* WeHaveView.swift */,
				63FEF54C28A2B16600A9EDBE /* SettingsView.swift */,
				63944F9428AA296C0084F381 /* DetailView.swift */,
				63944F9628AA31BC0084F381 /* SearchBar.swift */,
			);
			path = View;
			sourceTree = "<group>";
		};
/* End PBXGroup section */

/* Begin PBXNativeTarget section */
		635F660D28A1721700CFBF7C /* WeWant */ = {
			isa = PBXNativeTarget;
			buildConfigurationList = 635F661C28A1721800CFBF7C /* Build configuration list for PBXNativeTarget "WeWant" */;
			buildPhases = (
				635F660A28A1721700CFBF7C /* Sources */,
				635F660B28A1721700CFBF7C /* Frameworks */,
				635F660C28A1721700CFBF7C /* Resources */,
			);
			buildRules = (
			);
			dependencies = (
			);
			name = WeWant;
			productName = WeWant;
			productReference = 635F660E28A1721700CFBF7C /* WeWant.app */;
			productType = "com.apple.product-type.application";
		};
/* End PBXNativeTarget section */

/* Begin PBXProject section */
		635F660628A1721700CFBF7C /* Project object */ = {
			isa = PBXProject;
			attributes = {
				BuildIndependentTargetsInParallel = 1;
				LastSwiftUpdateCheck = 1340;
				LastUpgradeCheck = 1340;
				TargetAttributes = {
					635F660D28A1721700CFBF7C = {
						CreatedOnToolsVersion = 13.4.1;
					};
				};
			};
			buildConfigurationList = 635F660928A1721700CFBF7C /* Build configuration list for PBXProject "WeWant" */;
			compatibilityVersion = "Xcode 13.0";
			developmentRegion = en;
			hasScannedForEncodings = 0;
			knownRegions = (
				en,
				Base,
			);
			mainGroup = 635F660528A1721700CFBF7C;
			productRefGroup = 635F660F28A1721700CFBF7C /* Products */;
			projectDirPath = "";
			projectRoot = "";
			targets = (
				635F660D28A1721700CFBF7C /* WeWant */,
			);
		};
/* End PBXProject section */

/* Begin PBXResourcesBuildPhase section */
		635F660C28A1721700CFBF7C /* Resources */ = {
			isa = PBXResourcesBuildPhase;
			buildActionMask = 2147483647;
			files = (
				635F661928A1721800CFBF7C /* Preview Assets.xcassets in Resources */,
				635F661628A1721800CFBF7C /* Assets.xcassets in Resources */,
			);
			runOnlyForDeploymentPostprocessing = 0;
		};
/* End PBXResourcesBuildPhase section */

/* Begin PBXSourcesBuildPhase section */
		635F660A28A1721700CFBF7C /* Sources */ = {
			isa = PBXSourcesBuildPhase;
			buildActionMask = 2147483647;
			files = (
				635F661428A1721700CFBF7C /* WeWantView.swift in Sources */,
				63944F9528AA296C0084F381 /* DetailView.swift in Sources */,
				63189EF828A90AE70052D56F /* Have.swift in Sources */,
				635F662228A174DC00CFBF7C /* Want.swift in Sources */,
				63FEF54728A2AF8A00A9EDBE /* WeHaveView.swift in Sources */,
				63FEF54D28A2B16600A9EDBE /* SettingsView.swift in Sources */,
				63189EFA28A90B160052D56F /* ModelData.swift in Sources */,
				63944F9728AA31BC0084F381 /* SearchBar.swift in Sources */,
				63FEF54B28A2B12800A9EDBE /* MainView.swift in Sources */,
				635F661228A1721700CFBF7C /* WeWantApp.swift in Sources */,
			);
			runOnlyForDeploymentPostprocessing = 0;
		};
/* End PBXSourcesBuildPhase section */

/* Begin XCBuildConfiguration section */
		635F661A28A1721800CFBF7C /* Debug */ = {
			isa = XCBuildConfiguration;
			buildSettings = {
				ALWAYS_SEARCH_USER_PATHS = NO;
				CLANG_ANALYZER_NONNULL = YES;
				CLANG_ANALYZER_NUMBER_OBJECT_CONVERSION = YES_AGGRESSIVE;
				CLANG_CXX_LANGUAGE_STANDARD = "gnu++17";
				CLANG_ENABLE_MODULES = YES;
				CLANG_ENABLE_OBJC_ARC = YES;
				CLANG_ENABLE_OBJC_WEAK = YES;
				CLANG_WARN_BLOCK_CAPTURE_AUTORELEASING = YES;
				CLANG_WARN_BOOL_CONVERSION = YES;
				CLANG_WARN_COMMA = YES;
				CLANG_WARN_CONSTANT_CONVERSION = YES;
				CLANG_WARN_DEPRECATED_OBJC_IMPLEMENTATIONS = YES;
				CLANG_WARN_DIRECT_OBJC_ISA_USAGE = YES_ERROR;
				CLANG_WARN_DOCUMENTATION_COMMENTS = YES;
				CLANG_WARN_EMPTY_BODY = YES;
				CLANG_WARN_ENUM_CONVERSION = YES;
				CLANG_WARN_INFINITE_RECURSION = YES;
				CLANG_WARN_INT_CONVERSION = YES;
				CLANG_WARN_NON_LITERAL_NULL_CONVERSION = YES;
				CLANG_WARN_OBJC_IMPLICIT_RETAIN_SELF = YES;
				CLANG_WARN_OBJC_LITERAL_CONVERSION = YES;
				CLANG_WARN_OBJC_ROOT_CLASS = YES_ERROR;
				CLANG_WARN_QUOTED_INCLUDE_IN_FRAMEWORK_HEADER = YES;
				CLANG_WARN_RANGE_LOOP_ANALYSIS = YES;
				CLANG_WARN_STRICT_PROTOTYPES = YES;
				CLANG_WARN_SUSPICIOUS_MOVE = YES;
				CLANG_WARN_UNGUARDED_AVAILABILITY = YES_AGGRESSIVE;
				CLANG_WARN_UNREACHABLE_CODE = YES;
				CLANG_WARN__DUPLICATE_METHOD_MATCH = YES;
				COPY_PHASE_STRIP = NO;
				DEBUG_INFORMATION_FORMAT = dwarf;
				ENABLE_STRICT_OBJC_MSGSEND = YES;
				ENABLE_TESTABILITY = YES;
				GCC_C_LANGUAGE_STANDARD = gnu11;
				GCC_DYNAMIC_NO_PIC = NO;
				GCC_NO_COMMON_BLOCKS = YES;
				GCC_OPTIMIZATION_LEVEL = 0;
				GCC_PREPROCESSOR_DEFINITIONS = (
					"DEBUG=1",
					"$(inherited)",
				);
				GCC_WARN_64_TO_32_BIT_CONVERSION = YES;
				GCC_WARN_ABOUT_RETURN_TYPE = YES_ERROR;
				GCC_WARN_UNDECLARED_SELECTOR = YES;
				GCC_WARN_UNINITIALIZED_AUTOS = YES_AGGRESSIVE;
				GCC_WARN_UNUSED_FUNCTION = YES;
				GCC_WARN_UNUSED_VARIABLE = YES;
				IPHONEOS_DEPLOYMENT_TARGET = 15.5;
				MTL_ENABLE_DEBUG_INFO = INCLUDE_SOURCE;
				MTL_FAST_MATH = YES;
				ONLY_ACTIVE_ARCH = YES;
				SDKROOT = iphoneos;
				SWIFT_ACTIVE_COMPILATION_CONDITIONS = DEBUG;
				SWIFT_OPTIMIZATION_LEVEL = "-Onone";
			};
			name = Debug;
		};
		635F661B28A1721800CFBF7C /* Release */ = {
			isa = XCBuildConfiguration;
			buildSettings = {
				ALWAYS_SEARCH_USER_PATHS = NO;
				CLANG_ANALYZER_NONNULL = YES;
				CLANG_ANALYZER_NUMBER_OBJECT_CONVERSION = YES_AGGRESSIVE;
				CLANG_CXX_LANGUAGE_STANDARD = "gnu++17";
				CLANG_ENABLE_MODULES = YES;
				CLANG_ENABLE_OBJC_ARC = YES;
				CLANG_ENABLE_OBJC_WEAK = YES;
				CLANG_WARN_BLOCK_CAPTURE_AUTORELEASING = YES;
				CLANG_WARN_BOOL_CONVERSION = YES;
				CLANG_WARN_COMMA = YES;
				CLANG_WARN_CONSTANT_CONVERSION = YES;
				CLANG_WARN_DEPRECATED_OBJC_IMPLEMENTATIONS = YES;
				CLANG_WARN_DIRECT_OBJC_ISA_USAGE = YES_ERROR;
				CLANG_WARN_DOCUMENTATION_COMMENTS = YES;
				CLANG_WARN_EMPTY_BODY = YES;
				CLANG_WARN_ENUM_CONVERSION = YES;
				CLANG_WARN_INFINITE_RECURSION = YES;
				CLANG_WARN_INT_CONVERSION = YES;
				CLANG_WARN_NON_LITERAL_NULL_CONVERSION = YES;
				CLANG_WARN_OBJC_IMPLICIT_RETAIN_SELF = YES;
				CLANG_WARN_OBJC_LITERAL_CONVERSION = YES;
				CLANG_WARN_OBJC_ROOT_CLASS = YES_ERROR;
				CLANG_WARN_QUOTED_INCLUDE_IN_FRAMEWORK_HEADER = YES;
				CLANG_WARN_RANGE_LOOP_ANALYSIS = YES;
				CLANG_WARN_STRICT_PROTOTYPES = YES;
				CLANG_WARN_SUSPICIOUS_MOVE = YES;
				CLANG_WARN_UNGUARDED_AVAILABILITY = YES_AGGRESSIVE;
				CLANG_WARN_UNREACHABLE_CODE = YES;
				CLANG_WARN__DUPLICATE_METHOD_MATCH = YES;
				COPY_PHASE_STRIP = NO;
				DEBUG_INFORMATION_FORMAT = "dwarf-with-dsym";
				ENABLE_NS_ASSERTIONS = NO;
				ENABLE_STRICT_OBJC_MSGSEND = YES;
				GCC_C_LANGUAGE_STANDARD = gnu11;
				GCC_NO_COMMON_BLOCKS = YES;
				GCC_WARN_64_TO_32_BIT_CONVERSION = YES;
				GCC_WARN_ABOUT_RETURN_TYPE = YES_ERROR;
				GCC_WARN_UNDECLARED_SELECTOR = YES;
				GCC_WARN_UNINITIALIZED_AUTOS = YES_AGGRESSIVE;
				GCC_WARN_UNUSED_FUNCTION = YES;
				GCC_WARN_UNUSED_VARIABLE = YES;
				IPHONEOS_DEPLOYMENT_TARGET = 15.5;
				MTL_ENABLE_DEBUG_INFO = NO;
				MTL_FAST_MATH = YES;
				SDKROOT = iphoneos;
				SWIFT_COMPILATION_MODE = wholemodule;
				SWIFT_OPTIMIZATION_LEVEL = "-O";
				VALIDATE_PRODUCT = YES;
			};
			name = Release;
		};
		635F661D28A1721800CFBF7C /* Debug */ = {
			isa = XCBuildConfiguration;
			buildSettings = {
				ASSETCATALOG_COMPILER_APPICON_NAME = AppIcon;
				ASSETCATALOG_COMPILER_GLOBAL_ACCENT_COLOR_NAME = AccentColor;
				CODE_SIGN_STYLE = Automatic;
				CURRENT_PROJECT_VERSION = 1;
				DEVELOPMENT_ASSET_PATHS = "\"WeWant/Preview Content\"";
				DEVELOPMENT_TEAM = QJ9LBR5S7P;
				ENABLE_PREVIEWS = YES;
				GENERATE_INFOPLIST_FILE = YES;
				INFOPLIST_KEY_UIApplicationSceneManifest_Generation = YES;
				INFOPLIST_KEY_UIApplicationSupportsIndirectInputEvents = YES;
				INFOPLIST_KEY_UILaunchScreen_Generation = YES;
				INFOPLIST_KEY_UISupportedInterfaceOrientations_iPad = "UIInterfaceOrientationPortrait UIInterfaceOrientationPortraitUpsideDown UIInterfaceOrientationLandscapeLeft UIInterfaceOrientationLandscapeRight";
				INFOPLIST_KEY_UISupportedInterfaceOrientations_iPhone = "UIInterfaceOrientationPortrait UIInterfaceOrientationLandscapeLeft UIInterfaceOrientationLandscapeRight";
				LD_RUNPATH_SEARCH_PATHS = (
					"$(inherited)",
					"@executable_path/Frameworks",
				);
				MARKETING_VERSION = 1.0;
				PRODUCT_BUNDLE_IDENTIFIER = erun.WeWant;
				PRODUCT_NAME = "$(TARGET_NAME)";
				SWIFT_EMIT_LOC_STRINGS = YES;
				SWIFT_VERSION = 5.0;
				TARGETED_DEVICE_FAMILY = "1,2";
			};
			name = Debug;
		};
		635F661E28A1721800CFBF7C /* Release */ = {
			isa = XCBuildConfiguration;
			buildSettings = {
				ASSETCATALOG_COMPILER_APPICON_NAME = AppIcon;
				ASSETCATALOG_COMPILER_GLOBAL_ACCENT_COLOR_NAME = AccentColor;
				CODE_SIGN_STYLE = Automatic;
				CURRENT_PROJECT_VERSION = 1;
				DEVELOPMENT_ASSET_PATHS = "\"WeWant/Preview Content\"";
				DEVELOPMENT_TEAM = QJ9LBR5S7P;
				ENABLE_PREVIEWS = YES;
				GENERATE_INFOPLIST_FILE = YES;
				INFOPLIST_KEY_UIApplicationSceneManifest_Generation = YES;
				INFOPLIST_KEY_UIApplicationSupportsIndirectInputEvents = YES;
				INFOPLIST_KEY_UILaunchScreen_Generation = YES;
				INFOPLIST_KEY_UISupportedInterfaceOrientations_iPad = "UIInterfaceOrientationPortrait UIInterfaceOrientationPortraitUpsideDown UIInterfaceOrientationLandscapeLeft UIInterfaceOrientationLandscapeRight";
				INFOPLIST_KEY_UISupportedInterfaceOrientations_iPhone = "UIInterfaceOrientationPortrait UIInterfaceOrientationLandscapeLeft UIInterfaceOrientationLandscapeRight";
				LD_RUNPATH_SEARCH_PATHS = (
					"$(inherited)",
					"@executable_path/Frameworks",
				);
				MARKETING_VERSION = 1.0;
				PRODUCT_BUNDLE_IDENTIFIER = erun.WeWant;
				PRODUCT_NAME = "$(TARGET_NAME)";
				SWIFT_EMIT_LOC_STRINGS = YES;
				SWIFT_VERSION = 5.0;
				TARGETED_DEVICE_FAMILY = "1,2";
			};
			name = Release;
		};
/* End XCBuildConfiguration section */

/* Begin XCConfigurationList section */
		635F660928A1721700CFBF7C /* Build configuration list for PBXProject "WeWant" */ = {
			isa = XCConfigurationList;
			buildConfigurations = (
				635F661A28A1721800CFBF7C /* Debug */,
				635F661B28A1721800CFBF7C /* Release */,
			);
			defaultConfigurationIsVisible = 0;
			defaultConfigurationName = Release;
		};
		635F661C28A1721800CFBF7C /* Build configuration list for PBXNativeTarget "WeWant" */ = {
			isa = XCConfigurationList;
			buildConfigurations = (
				635F661D28A1721800CFBF7C /* Debug */,
				635F661E28A1721800CFBF7C /* Release */,
			);
			defaultConfigurationIsVisible = 0;
			defaultConfigurationName = Release;
		};
/* End XCConfigurationList section */
	};
	rootObject = 635F660628A1721700CFBF7C /* Project object */;
}
